
Microsoft Visual Studio Solution File, Format Version 12.00
# Visual Studio Version 17
VisualStudioVersion = 17.4.33205.214
MinimumVisualStudioVersion = 10.0.40219.1
Project("{FAE04EC0-301F-11D3-BF4B-00C04F79EFBC}") = "FeedbackApi", "FeedbackApi\FeedbackApi.csproj", "{FDF0B1F5-81E0-4223-B797-4151BFB8D451}"
EndProject
Global
	GlobalSection(SolutionConfigurationPlatforms) = preSolution
		Debug|Any CPU = Debug|Any CPU
		Release|Any CPU = Release|Any CPU
	EndGlobalSection
	GlobalSection(ProjectConfigurationPlatforms) = postSolution
		{FDF0B1F5-81E0-4223-B797-4151BFB8D451}.Debug|Any CPU.ActiveCfg = Debug|Any CPU
		{FDF0B1F5-81E0-4223-B797-4151BFB8D451}.Debug|Any CPU.Build.0 = Debug|Any CPU
		{FDF0B1F5-81E0-4223-B797-4151BFB8D451}.Release|Any CPU.ActiveCfg = Release|Any CPU
		{FDF0B1F5-81E0-4223-B797-4151BFB8D451}.Release|Any CPU.Build.0 = Release|Any CPU
	EndGlobalSection
	GlobalSection(SolutionProperties) = preSolution
		HideSolutionNode = FALSE
	EndGlobalSection
	GlobalSection(ExtensibilityGlobals) = postSolution
		SolutionGuid = {13BE0EBD-E37B-4897-A5EC-10EA57217104}
	EndGlobalSection
EndGlobal
